
Microsoft Visual Studio Solution File, Format Version 12.00
# Visual Studio Version 17
VisualStudioVersion = 17.7.34031.279
MinimumVisualStudioVersion = 10.0.40219.1
Project("{FAE04EC0-301F-11D3-BF4B-00C04F79EFBC}") = "BoringTetris", "BoringTetris\BoringTetris.csproj", "{7981C38F-893D-4B70-9716-DC26B6ADD4FF}"
EndProject
Global
	GlobalSection(SolutionConfigurationPlatforms) = preSolution
		Debug|Any CPU = Debug|Any CPU
		Release|Any CPU = Release|Any CPU
	EndGlobalSection
	GlobalSection(ProjectConfigurationPlatforms) = postSolution
		{7981C38F-893D-4B70-9716-DC26B6ADD4FF}.Debug|Any CPU.ActiveCfg = Debug|Any CPU
		{7981C38F-893D-4B70-9716-DC26B6ADD4FF}.Debug|Any CPU.Build.0 = Debug|Any CPU
		{7981C38F-893D-4B70-9716-DC26B6ADD4FF}.Release|Any CPU.ActiveCfg = Release|Any CPU
		{7981C38F-893D-4B70-9716-DC26B6ADD4FF}.Release|Any CPU.Build.0 = Release|Any CPU
	EndGlobalSection
	GlobalSection(SolutionProperties) = preSolution
		HideSolutionNode = FALSE
	EndGlobalSection
	GlobalSection(ExtensibilityGlobals) = postSolution
		SolutionGuid = {87E8B9D2-A4E6-4000-AA1A-FA6A1C872F35}
	EndGlobalSection
EndGlobal
